
Microsoft Visual Studio Solution File, Format Version 12.00
# Visual Studio Version 17
VisualStudioVersion = 17.3.32922.545
MinimumVisualStudioVersion = 10.0.40219.1
Project("{FAE04EC0-301F-11D3-BF4B-00C04F79EFBC}") = "apiCadastroClientes", "apiCadastroClientes\apiCadastroClientes.csproj", "{F49C8C8A-9C83-4ADC-BB91-52D5A957FAB7}"
EndProject
Global
	GlobalSection(SolutionConfigurationPlatforms) = preSolution
		Debug|Any CPU = Debug|Any CPU
		Release|Any CPU = Release|Any CPU
	EndGlobalSection
	GlobalSection(ProjectConfigurationPlatforms) = postSolution
		{F49C8C8A-9C83-4ADC-BB91-52D5A957FAB7}.Debug|Any CPU.ActiveCfg = Debug|Any CPU
		{F49C8C8A-9C83-4ADC-BB91-52D5A957FAB7}.Debug|Any CPU.Build.0 = Debug|Any CPU
		{F49C8C8A-9C83-4ADC-BB91-52D5A957FAB7}.Release|Any CPU.ActiveCfg = Release|Any CPU
		{F49C8C8A-9C83-4ADC-BB91-52D5A957FAB7}.Release|Any CPU.Build.0 = Release|Any CPU
	EndGlobalSection
	GlobalSection(SolutionProperties) = preSolution
		HideSolutionNode = FALSE
	EndGlobalSection
	GlobalSection(ExtensibilityGlobals) = postSolution
		SolutionGuid = {992078CD-AA00-49BD-BC1E-1BF2EE45730E}
	EndGlobalSection
EndGlobal
